
Microsoft Visual Studio Solution File, Format Version 11.00
# Visual Studio 2010
Project("{FAE04EC0-301F-11D3-BF4B-00C04F79EFBC}") = "Assembly-CSharp", "Assembly-CSharp.csproj", "{a5e183f0-78e5-0069-78b4-a4393231341e}"
EndProject
Project("{FAE04EC0-301F-11D3-BF4B-00C04F79EFBC}") = "CodeMonkey_HealthSystem", "CodeMonkey_HealthSystem.csproj", "{cfa5f6aa-2f27-72ac-8b3e-fc93cb30e4c0}"
EndProject
Project("{FAE04EC0-301F-11D3-BF4B-00C04F79EFBC}") = "Assembly-CSharp-Editor", "Assembly-CSharp-Editor.csproj", "{43cdb51c-4ea7-6359-d1ef-15cd10ad8ef2}"
EndProject
Project("{FAE04EC0-301F-11D3-BF4B-00C04F79EFBC}") = "CodeMonkey_HealthSystem_Editor", "CodeMonkey_HealthSystem_Editor.csproj", "{56ad599a-c160-04ce-63c3-255477e5eff0}"
EndProject
Global
	GlobalSection(SolutionConfigurationPlatforms) = preSolution
		Debug|Any CPU = Debug|Any CPU
	EndGlobalSection
	GlobalSection(ProjectConfigurationPlatforms) = postSolution
		{a5e183f0-78e5-0069-78b4-a4393231341e}.Debug|Any CPU.ActiveCfg = Debug|Any CPU
		{a5e183f0-78e5-0069-78b4-a4393231341e}.Debug|Any CPU.Build.0 = Debug|Any CPU
		{cfa5f6aa-2f27-72ac-8b3e-fc93cb30e4c0}.Debug|Any CPU.ActiveCfg = Debug|Any CPU
		{cfa5f6aa-2f27-72ac-8b3e-fc93cb30e4c0}.Debug|Any CPU.Build.0 = Debug|Any CPU
		{43cdb51c-4ea7-6359-d1ef-15cd10ad8ef2}.Debug|Any CPU.ActiveCfg = Debug|Any CPU
		{43cdb51c-4ea7-6359-d1ef-15cd10ad8ef2}.Debug|Any CPU.Build.0 = Debug|Any CPU
		{56ad599a-c160-04ce-63c3-255477e5eff0}.Debug|Any CPU.ActiveCfg = Debug|Any CPU
		{56ad599a-c160-04ce-63c3-255477e5eff0}.Debug|Any CPU.Build.0 = Debug|Any CPU
	EndGlobalSection
	GlobalSection(SolutionProperties) = preSolution
		HideSolutionNode = FALSE
	EndGlobalSection
EndGlobal
